// !$*UTF8*$!
{
	archiveVersion = 1;
	classes = {
	};
	objectVersion = 56;
	objects = {

/* Begin PBXBuildFile section */
		13955BD70A2586BBF288B696 /* Pods_Connect.framework in Frameworks */ = {isa = PBXBuildFile; fileRef = F241BC74849819DBCD29E2B4 /* Pods_Connect.framework */; };
		34407AF72A0629C300CAB44B /* User.swift in Sources */ = {isa = PBXBuildFile; fileRef = 34407AF62A0629C300CAB44B /* User.swift */; };
		34407AF92A062D7500CAB44B /* TicketDetailView .swift in Sources */ = {isa = PBXBuildFile; fileRef = 34407AF82A062D7500CAB44B /* TicketDetailView .swift */; };
		34407AFB2A07385400CAB44B /* BarcodeView.swift in Sources */ = {isa = PBXBuildFile; fileRef = 34407AFA2A07385400CAB44B /* BarcodeView.swift */; };
		34407AFD2A073E0900CAB44B /* UIImage+Extension.swift in Sources */ = {isa = PBXBuildFile; fileRef = 34407AFC2A073E0900CAB44B /* UIImage+Extension.swift */; };
		344229BE2A00631900A24432 /* ConcertInfo.swift in Sources */ = {isa = PBXBuildFile; fileRef = 344229BD2A00631900A24432 /* ConcertInfo.swift */; };
		344229C02A00639000A24432 /* ConcertStatusView.swift in Sources */ = {isa = PBXBuildFile; fileRef = 344229BF2A00639000A24432 /* ConcertStatusView.swift */; };
		344229C32A0063F900A24432 /* ConcertStatus.swift in Sources */ = {isa = PBXBuildFile; fileRef = 344229C22A0063F900A24432 /* ConcertStatus.swift */; };
		344229C62A006CA000A24432 /* MyTicketView.swift in Sources */ = {isa = PBXBuildFile; fileRef = 344229C52A006CA000A24432 /* MyTicketView.swift */; };
		344229C82A00D6A400A24432 /* EmbeddedResponse.swift in Sources */ = {isa = PBXBuildFile; fileRef = 344229C72A00D6A300A24432 /* EmbeddedResponse.swift */; };
		344229CC2A04572600A24432 /* MainView.swift in Sources */ = {isa = PBXBuildFile; fileRef = 344229CB2A04572600A24432 /* MainView.swift */; };
		344B39062A04ADB900B6AEAE /* ProfileView.swift in Sources */ = {isa = PBXBuildFile; fileRef = 344B39052A04ADB900B6AEAE /* ProfileView.swift */; };
		344B39082A04B42C00B6AEAE /* TagView.swift in Sources */ = {isa = PBXBuildFile; fileRef = 344B39072A04B42C00B6AEAE /* TagView.swift */; };
		34A7643B29FEEF2700AB3FD4 /* ConnectApp.swift in Sources */ = {isa = PBXBuildFile; fileRef = 34A7643A29FEEF2700AB3FD4 /* ConnectApp.swift */; };
		34A7643D29FEEF2700AB3FD4 /* CustomTabView.swift in Sources */ = {isa = PBXBuildFile; fileRef = 34A7643C29FEEF2700AB3FD4 /* CustomTabView.swift */; };
		34A7643F29FEEF2A00AB3FD4 /* Assets.xcassets in Resources */ = {isa = PBXBuildFile; fileRef = 34A7643E29FEEF2A00AB3FD4 /* Assets.xcassets */; };
		34A7644229FEEF2A00AB3FD4 /* Preview Assets.xcassets in Resources */ = {isa = PBXBuildFile; fileRef = 34A7644129FEEF2A00AB3FD4 /* Preview Assets.xcassets */; };
		34A7644A29FEF01900AB3FD4 /* HomeNavBar.swift in Sources */ = {isa = PBXBuildFile; fileRef = 34A7644929FEF01900AB3FD4 /* HomeNavBar.swift */; };
		34A7645229FEF53A00AB3FD4 /* R.generated.swift in Sources */ = {isa = PBXBuildFile; fileRef = 34A7645129FEF53A00AB3FD4 /* R.generated.swift */; };
		34A7645529FEF87F00AB3FD4 /* HomeView.swift in Sources */ = {isa = PBXBuildFile; fileRef = 34A7645429FEF87F00AB3FD4 /* HomeView.swift */; };
		34A7645729FEFC1700AB3FD4 /* MyConcertInfo.swift in Sources */ = {isa = PBXBuildFile; fileRef = 34A7645629FEFC1700AB3FD4 /* MyConcertInfo.swift */; };
		34A7645A29FEFF0700AB3FD4 /* NSObject+Extenstion.swift in Sources */ = {isa = PBXBuildFile; fileRef = 34A7645929FEFF0700AB3FD4 /* NSObject+Extenstion.swift */; };
/* End PBXBuildFile section */

/* Begin PBXFileReference section */
		34407AF62A0629C300CAB44B /* User.swift */ = {isa = PBXFileReference; lastKnownFileType = sourcecode.swift; path = User.swift; sourceTree = "<group>"; };
		34407AF82A062D7500CAB44B /* TicketDetailView .swift */ = {isa = PBXFileReference; lastKnownFileType = sourcecode.swift; path = "TicketDetailView .swift"; sourceTree = "<group>"; };
		34407AFA2A07385400CAB44B /* BarcodeView.swift */ = {isa = PBXFileReference; lastKnownFileType = sourcecode.swift; path = BarcodeView.swift; sourceTree = "<group>"; };
		34407AFC2A073E0900CAB44B /* UIImage+Extension.swift */ = {isa = PBXFileReference; lastKnownFileType = sourcecode.swift; path = "UIImage+Extension.swift"; sourceTree = "<group>"; };
		344229BD2A00631900A24432 /* ConcertInfo.swift */ = {isa = PBXFileReference; lastKnownFileType = sourcecode.swift; path = ConcertInfo.swift; sourceTree = "<group>"; };
		344229BF2A00639000A24432 /* ConcertStatusView.swift */ = {isa = PBXFileReference; lastKnownFileType = sourcecode.swift; path = ConcertStatusView.swift; sourceTree = "<group>"; };
		344229C22A0063F900A24432 /* ConcertStatus.swift */ = {isa = PBXFileReference; lastKnownFileType = sourcecode.swift; path = ConcertStatus.swift; sourceTree = "<group>"; };
		344229C52A006CA000A24432 /* MyTicketView.swift */ = {isa = PBXFileReference; lastKnownFileType = sourcecode.swift; path = MyTicketView.swift; sourceTree = "<group>"; };
		344229C72A00D6A300A24432 /* EmbeddedResponse.swift */ = {isa = PBXFileReference; lastKnownFileType = sourcecode.swift; path = EmbeddedResponse.swift; sourceTree = "<group>"; };
		344229CB2A04572600A24432 /* MainView.swift */ = {isa = PBXFileReference; lastKnownFileType = sourcecode.swift; path = MainView.swift; sourceTree = "<group>"; };
		344B39052A04ADB900B6AEAE /* ProfileView.swift */ = {isa = PBXFileReference; lastKnownFileType = sourcecode.swift; path = ProfileView.swift; sourceTree = "<group>"; };
		344B39072A04B42C00B6AEAE /* TagView.swift */ = {isa = PBXFileReference; lastKnownFileType = sourcecode.swift; path = TagView.swift; sourceTree = "<group>"; };
		34A7643729FEEF2700AB3FD4 /* Connect.app */ = {isa = PBXFileReference; explicitFileType = wrapper.application; includeInIndex = 0; path = Connect.app; sourceTree = BUILT_PRODUCTS_DIR; };
		34A7643A29FEEF2700AB3FD4 /* ConnectApp.swift */ = {isa = PBXFileReference; lastKnownFileType = sourcecode.swift; path = ConnectApp.swift; sourceTree = "<group>"; };
		34A7643C29FEEF2700AB3FD4 /* CustomTabView.swift */ = {isa = PBXFileReference; lastKnownFileType = sourcecode.swift; path = CustomTabView.swift; sourceTree = "<group>"; };
		34A7643E29FEEF2A00AB3FD4 /* Assets.xcassets */ = {isa = PBXFileReference; lastKnownFileType = folder.assetcatalog; path = Assets.xcassets; sourceTree = "<group>"; };
		34A7644129FEEF2A00AB3FD4 /* Preview Assets.xcassets */ = {isa = PBXFileReference; lastKnownFileType = folder.assetcatalog; path = "Preview Assets.xcassets"; sourceTree = "<group>"; };
		34A7644929FEF01900AB3FD4 /* HomeNavBar.swift */ = {isa = PBXFileReference; lastKnownFileType = sourcecode.swift; path = HomeNavBar.swift; sourceTree = "<group>"; };
		34A7645129FEF53A00AB3FD4 /* R.generated.swift */ = {isa = PBXFileReference; fileEncoding = 4; lastKnownFileType = sourcecode.swift; path = R.generated.swift; sourceTree = SOURCE_ROOT; };
		34A7645429FEF87F00AB3FD4 /* HomeView.swift */ = {isa = PBXFileReference; lastKnownFileType = sourcecode.swift; path = HomeView.swift; sourceTree = "<group>"; };
		34A7645629FEFC1700AB3FD4 /* MyConcertInfo.swift */ = {isa = PBXFileReference; lastKnownFileType = sourcecode.swift; path = MyConcertInfo.swift; sourceTree = "<group>"; };
		34A7645929FEFF0700AB3FD4 /* NSObject+Extenstion.swift */ = {isa = PBXFileReference; lastKnownFileType = sourcecode.swift; path = "NSObject+Extenstion.swift"; sourceTree = "<group>"; };
		538B3C69D0CD3437A5830D94 /* Pods-Connect.debug.xcconfig */ = {isa = PBXFileReference; includeInIndex = 1; lastKnownFileType = text.xcconfig; name = "Pods-Connect.debug.xcconfig"; path = "Target Support Files/Pods-Connect/Pods-Connect.debug.xcconfig"; sourceTree = "<group>"; };
		563A3610ADD9B2C52256D9C8 /* Pods-Connect.release.xcconfig */ = {isa = PBXFileReference; includeInIndex = 1; lastKnownFileType = text.xcconfig; name = "Pods-Connect.release.xcconfig"; path = "Target Support Files/Pods-Connect/Pods-Connect.release.xcconfig"; sourceTree = "<group>"; };
		F241BC74849819DBCD29E2B4 /* Pods_Connect.framework */ = {isa = PBXFileReference; explicitFileType = wrapper.framework; includeInIndex = 0; path = Pods_Connect.framework; sourceTree = BUILT_PRODUCTS_DIR; };
/* End PBXFileReference section */

/* Begin PBXFrameworksBuildPhase section */
		34A7643429FEEF2700AB3FD4 /* Frameworks */ = {
			isa = PBXFrameworksBuildPhase;
			buildActionMask = 2147483647;
			files = (
				13955BD70A2586BBF288B696 /* Pods_Connect.framework in Frameworks */,
			);
			runOnlyForDeploymentPostprocessing = 0;
		};
/* End PBXFrameworksBuildPhase section */

/* Begin PBXGroup section */
		0EF56B6E39DC4504899CD3AD /* Pods */ = {
			isa = PBXGroup;
			children = (
				538B3C69D0CD3437A5830D94 /* Pods-Connect.debug.xcconfig */,
				563A3610ADD9B2C52256D9C8 /* Pods-Connect.release.xcconfig */,
			);
			path = Pods;
			sourceTree = "<group>";
		};
		344229C12A0063CC00A24432 /* Models */ = {
			isa = PBXGroup;
			children = (
				344229C22A0063F900A24432 /* ConcertStatus.swift */,
				344229C72A00D6A300A24432 /* EmbeddedResponse.swift */,
				34407AF62A0629C300CAB44B /* User.swift */,
			);
			path = Models;
			sourceTree = "<group>";
		};
		34A7642E29FEEF2700AB3FD4 = {
			isa = PBXGroup;
			children = (
				34A7643929FEEF2700AB3FD4 /* Connect */,
				34A7643829FEEF2700AB3FD4 /* Products */,
				0EF56B6E39DC4504899CD3AD /* Pods */,
				B187B8CA1A6252789DA8CC55 /* Frameworks */,
			);
			sourceTree = "<group>";
		};
		34A7643829FEEF2700AB3FD4 /* Products */ = {
			isa = PBXGroup;
			children = (
				34A7643729FEEF2700AB3FD4 /* Connect.app */,
			);
			name = Products;
			sourceTree = "<group>";
		};
		34A7643929FEEF2700AB3FD4 /* Connect */ = {
			isa = PBXGroup;
			children = (
				34A7643A29FEEF2700AB3FD4 /* ConnectApp.swift */,
				34A7645129FEF53A00AB3FD4 /* R.generated.swift */,
				344229C12A0063CC00A24432 /* Models */,
				34A7645829FEFEEA00AB3FD4 /* Extensions */,
				34A7645329FEF86B00AB3FD4 /* TabBar */,
				34A7644829FEF00600AB3FD4 /* Components */,
				34A7643E29FEEF2A00AB3FD4 /* Assets.xcassets */,
				34A7644029FEEF2A00AB3FD4 /* Preview Content */,
			);
			path = Connect;
			sourceTree = "<group>";
		};
		34A7644029FEEF2A00AB3FD4 /* Preview Content */ = {
			isa = PBXGroup;
			children = (
				34A7644129FEEF2A00AB3FD4 /* Preview Assets.xcassets */,
			);
			path = "Preview Content";
			sourceTree = "<group>";
		};
		34A7644829FEF00600AB3FD4 /* Components */ = {
			isa = PBXGroup;
			children = (
				34A7643C29FEEF2700AB3FD4 /* CustomTabView.swift */,
				34A7644929FEF01900AB3FD4 /* HomeNavBar.swift */,
				34A7645629FEFC1700AB3FD4 /* MyConcertInfo.swift */,
				344229BD2A00631900A24432 /* ConcertInfo.swift */,
				344229BF2A00639000A24432 /* ConcertStatusView.swift */,
				344B39072A04B42C00B6AEAE /* TagView.swift */,
			);
			path = Components;
			sourceTree = "<group>";
		};
		34A7645329FEF86B00AB3FD4 /* TabBar */ = {
			isa = PBXGroup;
			children = (
				344229CB2A04572600A24432 /* MainView.swift */,
				34A7645429FEF87F00AB3FD4 /* HomeView.swift */,
				344229C52A006CA000A24432 /* MyTicketView.swift */,
				344B39052A04ADB900B6AEAE /* ProfileView.swift */,
				34407AF82A062D7500CAB44B /* TicketDetailView .swift */,
				34407AFA2A07385400CAB44B /* BarcodeView.swift */,
			);
			path = TabBar;
			sourceTree = "<group>";
		};
		34A7645829FEFEEA00AB3FD4 /* Extensions */ = {
			isa = PBXGroup;
			children = (
				34A7645929FEFF0700AB3FD4 /* NSObject+Extenstion.swift */,
				34407AFC2A073E0900CAB44B /* UIImage+Extension.swift */,
			);
			path = Extensions;
			sourceTree = "<group>";
		};
		B187B8CA1A6252789DA8CC55 /* Frameworks */ = {
			isa = PBXGroup;
			children = (
				F241BC74849819DBCD29E2B4 /* Pods_Connect.framework */,
			);
			name = Frameworks;
			sourceTree = "<group>";
		};
/* End PBXGroup section */

/* Begin PBXNativeTarget section */
		34A7643629FEEF2700AB3FD4 /* Connect */ = {
			isa = PBXNativeTarget;
			buildConfigurationList = 34A7644529FEEF2A00AB3FD4 /* Build configuration list for PBXNativeTarget "Connect" */;
			buildPhases = (
				F1A88C9AEE68892BE74517D0 /* [CP] Check Pods Manifest.lock */,
				34A7645029FEF3EA00AB3FD4 /* ShellScript */,
				34A7643329FEEF2700AB3FD4 /* Sources */,
				34A7643429FEEF2700AB3FD4 /* Frameworks */,
				34A7643529FEEF2700AB3FD4 /* Resources */,
				44B123167DAAF82E9F203FF3 /* [CP] Embed Pods Frameworks */,
			);
			buildRules = (
			);
			dependencies = (
			);
			name = Connect;
			productName = Connect;
			productReference = 34A7643729FEEF2700AB3FD4 /* Connect.app */;
			productType = "com.apple.product-type.application";
		};
/* End PBXNativeTarget section */

/* Begin PBXProject section */
		34A7642F29FEEF2700AB3FD4 /* Project object */ = {
			isa = PBXProject;
			attributes = {
				BuildIndependentTargetsInParallel = 1;
				LastSwiftUpdateCheck = 1430;
				LastUpgradeCheck = 1430;
				TargetAttributes = {
					34A7643629FEEF2700AB3FD4 = {
						CreatedOnToolsVersion = 14.3;
					};
				};
			};
			buildConfigurationList = 34A7643229FEEF2700AB3FD4 /* Build configuration list for PBXProject "Connect" */;
			compatibilityVersion = "Xcode 14.0";
			developmentRegion = en;
			hasScannedForEncodings = 0;
			knownRegions = (
				en,
				Base,
			);
			mainGroup = 34A7642E29FEEF2700AB3FD4;
			productRefGroup = 34A7643829FEEF2700AB3FD4 /* Products */;
			projectDirPath = "";
			projectRoot = "";
			targets = (
				34A7643629FEEF2700AB3FD4 /* Connect */,
			);
		};
/* End PBXProject section */

/* Begin PBXResourcesBuildPhase section */
		34A7643529FEEF2700AB3FD4 /* Resources */ = {
			isa = PBXResourcesBuildPhase;
			buildActionMask = 2147483647;
			files = (
				34A7644229FEEF2A00AB3FD4 /* Preview Assets.xcassets in Resources */,
				34A7643F29FEEF2A00AB3FD4 /* Assets.xcassets in Resources */,
			);
			runOnlyForDeploymentPostprocessing = 0;
		};
/* End PBXResourcesBuildPhase section */

/* Begin PBXShellScriptBuildPhase section */
		34A7645029FEF3EA00AB3FD4 /* ShellScript */ = {
			isa = PBXShellScriptBuildPhase;
			alwaysOutOfDate = 1;
			buildActionMask = 2147483647;
			files = (
			);
			inputFileListPaths = (
			);
			inputPaths = (
			);
			outputFileListPaths = (
			);
			outputPaths = (
				$SRCROOT/R.generated.swift,
			);
			runOnlyForDeploymentPostprocessing = 0;
			shellPath = /bin/sh;
			shellScript = "\"$PODS_ROOT/R.swift/rswift\" generate \"$SRCROOT/R.generated.swift\"\n";
		};
		44B123167DAAF82E9F203FF3 /* [CP] Embed Pods Frameworks */ = {
			isa = PBXShellScriptBuildPhase;
			buildActionMask = 2147483647;
			files = (
			);
			inputFileListPaths = (
				"${PODS_ROOT}/Target Support Files/Pods-Connect/Pods-Connect-frameworks-${CONFIGURATION}-input-files.xcfilelist",
			);
			name = "[CP] Embed Pods Frameworks";
			outputFileListPaths = (
				"${PODS_ROOT}/Target Support Files/Pods-Connect/Pods-Connect-frameworks-${CONFIGURATION}-output-files.xcfilelist",
			);
			runOnlyForDeploymentPostprocessing = 0;
			shellPath = /bin/sh;
			shellScript = "\"${PODS_ROOT}/Target Support Files/Pods-Connect/Pods-Connect-frameworks.sh\"\n";
			showEnvVarsInLog = 0;
		};
		F1A88C9AEE68892BE74517D0 /* [CP] Check Pods Manifest.lock */ = {
			isa = PBXShellScriptBuildPhase;
			buildActionMask = 2147483647;
			files = (
			);
			inputFileListPaths = (
			);
			inputPaths = (
				"${PODS_PODFILE_DIR_PATH}/Podfile.lock",
				"${PODS_ROOT}/Manifest.lock",
			);
			name = "[CP] Check Pods Manifest.lock";
			outputFileListPaths = (
			);
			outputPaths = (
				"$(DERIVED_FILE_DIR)/Pods-Connect-checkManifestLockResult.txt",
			);
			runOnlyForDeploymentPostprocessing = 0;
			shellPath = /bin/sh;
			shellScript = "diff \"${PODS_PODFILE_DIR_PATH}/Podfile.lock\" \"${PODS_ROOT}/Manifest.lock\" > /dev/null\nif [ $? != 0 ] ; then\n    # print error to STDERR\n    echo \"error: The sandbox is not in sync with the Podfile.lock. Run 'pod install' or update your CocoaPods installation.\" >&2\n    exit 1\nfi\n# This output is used by Xcode 'outputs' to avoid re-running this script phase.\necho \"SUCCESS\" > \"${SCRIPT_OUTPUT_FILE_0}\"\n";
			showEnvVarsInLog = 0;
		};
/* End PBXShellScriptBuildPhase section */

/* Begin PBXSourcesBuildPhase section */
		34A7643329FEEF2700AB3FD4 /* Sources */ = {
			isa = PBXSourcesBuildPhase;
			buildActionMask = 2147483647;
			files = (
				34A7645729FEFC1700AB3FD4 /* MyConcertInfo.swift in Sources */,
				344229CC2A04572600A24432 /* MainView.swift in Sources */,
				34A7643D29FEEF2700AB3FD4 /* CustomTabView.swift in Sources */,
				34A7644A29FEF01900AB3FD4 /* HomeNavBar.swift in Sources */,
				34407AF72A0629C300CAB44B /* User.swift in Sources */,
				34407AFB2A07385400CAB44B /* BarcodeView.swift in Sources */,
				344229C82A00D6A400A24432 /* EmbeddedResponse.swift in Sources */,
				344229C62A006CA000A24432 /* MyTicketView.swift in Sources */,
				34A7643B29FEEF2700AB3FD4 /* ConnectApp.swift in Sources */,
				34A7645A29FEFF0700AB3FD4 /* NSObject+Extenstion.swift in Sources */,
				34A7645529FEF87F00AB3FD4 /* HomeView.swift in Sources */,
				344229BE2A00631900A24432 /* ConcertInfo.swift in Sources */,
				344229C02A00639000A24432 /* ConcertStatusView.swift in Sources */,
				344B39082A04B42C00B6AEAE /* TagView.swift in Sources */,
				34407AF92A062D7500CAB44B /* TicketDetailView .swift in Sources */,
				344229C32A0063F900A24432 /* ConcertStatus.swift in Sources */,
				34407AFD2A073E0900CAB44B /* UIImage+Extension.swift in Sources */,
				344B39062A04ADB900B6AEAE /* ProfileView.swift in Sources */,
				34A7645229FEF53A00AB3FD4 /* R.generated.swift in Sources */,
			);
			runOnlyForDeploymentPostprocessing = 0;
		};
/* End PBXSourcesBuildPhase section */

/* Begin XCBuildConfiguration section */
		34A7644329FEEF2A00AB3FD4 /* Debug */ = {
			isa = XCBuildConfiguration;
			buildSettings = {
				ALWAYS_SEARCH_USER_PATHS = NO;
				CLANG_ANALYZER_NONNULL = YES;
				CLANG_ANALYZER_NUMBER_OBJECT_CONVERSION = YES_AGGRESSIVE;
				CLANG_CXX_LANGUAGE_STANDARD = "gnu++20";
				CLANG_ENABLE_MODULES = YES;
				CLANG_ENABLE_OBJC_ARC = YES;
				CLANG_ENABLE_OBJC_WEAK = YES;
				CLANG_WARN_BLOCK_CAPTURE_AUTORELEASING = YES;
				CLANG_WARN_BOOL_CONVERSION = YES;
				CLANG_WARN_COMMA = YES;
				CLANG_WARN_CONSTANT_CONVERSION = YES;
				CLANG_WARN_DEPRECATED_OBJC_IMPLEMENTATIONS = YES;
				CLANG_WARN_DIRECT_OBJC_ISA_USAGE = YES_ERROR;
				CLANG_WARN_DOCUMENTATION_COMMENTS = YES;
				CLANG_WARN_EMPTY_BODY = YES;
				CLANG_WARN_ENUM_CONVERSION = YES;
				CLANG_WARN_INFINITE_RECURSION = YES;
				CLANG_WARN_INT_CONVERSION = YES;
				CLANG_WARN_NON_LITERAL_NULL_CONVERSION = YES;
				CLANG_WARN_OBJC_IMPLICIT_RETAIN_SELF = YES;
				CLANG_WARN_OBJC_LITERAL_CONVERSION = YES;
				CLANG_WARN_OBJC_ROOT_CLASS = YES_ERROR;
				CLANG_WARN_QUOTED_INCLUDE_IN_FRAMEWORK_HEADER = YES;
				CLANG_WARN_RANGE_LOOP_ANALYSIS = YES;
				CLANG_WARN_STRICT_PROTOTYPES = YES;
				CLANG_WARN_SUSPICIOUS_MOVE = YES;
				CLANG_WARN_UNGUARDED_AVAILABILITY = YES_AGGRESSIVE;
				CLANG_WARN_UNREACHABLE_CODE = YES;
				CLANG_WARN__DUPLICATE_METHOD_MATCH = YES;
				COPY_PHASE_STRIP = NO;
				DEBUG_INFORMATION_FORMAT = dwarf;
				ENABLE_STRICT_OBJC_MSGSEND = YES;
				ENABLE_TESTABILITY = YES;
				GCC_C_LANGUAGE_STANDARD = gnu11;
				GCC_DYNAMIC_NO_PIC = NO;
				GCC_NO_COMMON_BLOCKS = YES;
				GCC_OPTIMIZATION_LEVEL = 0;
				GCC_PREPROCESSOR_DEFINITIONS = (
					"DEBUG=1",
					"$(inherited)",
				);
				GCC_WARN_64_TO_32_BIT_CONVERSION = YES;
				GCC_WARN_ABOUT_RETURN_TYPE = YES_ERROR;
				GCC_WARN_UNDECLARED_SELECTOR = YES;
				GCC_WARN_UNINITIALIZED_AUTOS = YES_AGGRESSIVE;
				GCC_WARN_UNUSED_FUNCTION = YES;
				GCC_WARN_UNUSED_VARIABLE = YES;
				IPHONEOS_DEPLOYMENT_TARGET = 16.4;
				MTL_ENABLE_DEBUG_INFO = INCLUDE_SOURCE;
				MTL_FAST_MATH = YES;
				ONLY_ACTIVE_ARCH = YES;
				SDKROOT = iphoneos;
				SWIFT_ACTIVE_COMPILATION_CONDITIONS = DEBUG;
				SWIFT_OPTIMIZATION_LEVEL = "-Onone";
			};
			name = Debug;
		};
		34A7644429FEEF2A00AB3FD4 /* Release */ = {
			isa = XCBuildConfiguration;
			buildSettings = {
				ALWAYS_SEARCH_USER_PATHS = NO;
				CLANG_ANALYZER_NONNULL = YES;
				CLANG_ANALYZER_NUMBER_OBJECT_CONVERSION = YES_AGGRESSIVE;
				CLANG_CXX_LANGUAGE_STANDARD = "gnu++20";
				CLANG_ENABLE_MODULES = YES;
				CLANG_ENABLE_OBJC_ARC = YES;
				CLANG_ENABLE_OBJC_WEAK = YES;
				CLANG_WARN_BLOCK_CAPTURE_AUTORELEASING = YES;
				CLANG_WARN_BOOL_CONVERSION = YES;
				CLANG_WARN_COMMA = YES;
				CLANG_WARN_CONSTANT_CONVERSION = YES;
				CLANG_WARN_DEPRECATED_OBJC_IMPLEMENTATIONS = YES;
				CLANG_WARN_DIRECT_OBJC_ISA_USAGE = YES_ERROR;
				CLANG_WARN_DOCUMENTATION_COMMENTS = YES;
				CLANG_WARN_EMPTY_BODY = YES;
				CLANG_WARN_ENUM_CONVERSION = YES;
				CLANG_WARN_INFINITE_RECURSION = YES;
				CLANG_WARN_INT_CONVERSION = YES;
				CLANG_WARN_NON_LITERAL_NULL_CONVERSION = YES;
				CLANG_WARN_OBJC_IMPLICIT_RETAIN_SELF = YES;
				CLANG_WARN_OBJC_LITERAL_CONVERSION = YES;
				CLANG_WARN_OBJC_ROOT_CLASS = YES_ERROR;
				CLANG_WARN_QUOTED_INCLUDE_IN_FRAMEWORK_HEADER = YES;
				CLANG_WARN_RANGE_LOOP_ANALYSIS = YES;
				CLANG_WARN_STRICT_PROTOTYPES = YES;
				CLANG_WARN_SUSPICIOUS_MOVE = YES;
				CLANG_WARN_UNGUARDED_AVAILABILITY = YES_AGGRESSIVE;
				CLANG_WARN_UNREACHABLE_CODE = YES;
				CLANG_WARN__DUPLICATE_METHOD_MATCH = YES;
				COPY_PHASE_STRIP = NO;
				DEBUG_INFORMATION_FORMAT = "dwarf-with-dsym";
				ENABLE_NS_ASSERTIONS = NO;
				ENABLE_STRICT_OBJC_MSGSEND = YES;
				GCC_C_LANGUAGE_STANDARD = gnu11;
				GCC_NO_COMMON_BLOCKS = YES;
				GCC_WARN_64_TO_32_BIT_CONVERSION = YES;
				GCC_WARN_ABOUT_RETURN_TYPE = YES_ERROR;
				GCC_WARN_UNDECLARED_SELECTOR = YES;
				GCC_WARN_UNINITIALIZED_AUTOS = YES_AGGRESSIVE;
				GCC_WARN_UNUSED_FUNCTION = YES;
				GCC_WARN_UNUSED_VARIABLE = YES;
				IPHONEOS_DEPLOYMENT_TARGET = 16.4;
				MTL_ENABLE_DEBUG_INFO = NO;
				MTL_FAST_MATH = YES;
				SDKROOT = iphoneos;
				SWIFT_COMPILATION_MODE = wholemodule;
				SWIFT_OPTIMIZATION_LEVEL = "-O";
				VALIDATE_PRODUCT = YES;
			};
			name = Release;
		};
		34A7644629FEEF2A00AB3FD4 /* Debug */ = {
			isa = XCBuildConfiguration;
			baseConfigurationReference = 538B3C69D0CD3437A5830D94 /* Pods-Connect.debug.xcconfig */;
			buildSettings = {
				ASSETCATALOG_COMPILER_APPICON_NAME = AppIcon;
				ASSETCATALOG_COMPILER_GLOBAL_ACCENT_COLOR_NAME = AccentColor;
				CODE_SIGN_STYLE = Automatic;
				CURRENT_PROJECT_VERSION = 1;
				DEVELOPMENT_ASSET_PATHS = "\"Connect/Preview Content\"";
				DEVELOPMENT_TEAM = 8244FLRS75;
				ENABLE_PREVIEWS = YES;
				GENERATE_INFOPLIST_FILE = YES;
				INFOPLIST_KEY_UIApplicationSceneManifest_Generation = YES;
				INFOPLIST_KEY_UIApplicationSupportsIndirectInputEvents = YES;
				INFOPLIST_KEY_UILaunchScreen_Generation = YES;
				INFOPLIST_KEY_UISupportedInterfaceOrientations_iPad = "UIInterfaceOrientationPortrait UIInterfaceOrientationPortraitUpsideDown UIInterfaceOrientationLandscapeLeft UIInterfaceOrientationLandscapeRight";
				INFOPLIST_KEY_UISupportedInterfaceOrientations_iPhone = "UIInterfaceOrientationPortrait UIInterfaceOrientationLandscapeLeft UIInterfaceOrientationLandscapeRight";
				LD_RUNPATH_SEARCH_PATHS = (
					"$(inherited)",
					"@executable_path/Frameworks",
				);
				MARKETING_VERSION = 1.0;
				PRODUCT_BUNDLE_IDENTIFIER = come.aselZhumalieva.Connect;
				PRODUCT_NAME = "$(TARGET_NAME)";
				SWIFT_EMIT_LOC_STRINGS = YES;
				SWIFT_VERSION = 5.0;
				TARGETED_DEVICE_FAMILY = "1,2";
			};
			name = Debug;
		};
		34A7644729FEEF2A00AB3FD4 /* Release */ = {
			isa = XCBuildConfiguration;
			baseConfigurationReference = 563A3610ADD9B2C52256D9C8 /* Pods-Connect.release.xcconfig */;
			buildSettings = {
				ASSETCATALOG_COMPILER_APPICON_NAME = AppIcon;
				ASSETCATALOG_COMPILER_GLOBAL_ACCENT_COLOR_NAME = AccentColor;
				CODE_SIGN_STYLE = Automatic;
				CURRENT_PROJECT_VERSION = 1;
				DEVELOPMENT_ASSET_PATHS = "\"Connect/Preview Content\"";
				DEVELOPMENT_TEAM = 8244FLRS75;
				ENABLE_PREVIEWS = YES;
				GENERATE_INFOPLIST_FILE = YES;
				INFOPLIST_KEY_UIApplicationSceneManifest_Generation = YES;
				INFOPLIST_KEY_UIApplicationSupportsIndirectInputEvents = YES;
				INFOPLIST_KEY_UILaunchScreen_Generation = YES;
				INFOPLIST_KEY_UISupportedInterfaceOrientations_iPad = "UIInterfaceOrientationPortrait UIInterfaceOrientationPortraitUpsideDown UIInterfaceOrientationLandscapeLeft UIInterfaceOrientationLandscapeRight";
				INFOPLIST_KEY_UISupportedInterfaceOrientations_iPhone = "UIInterfaceOrientationPortrait UIInterfaceOrientationLandscapeLeft UIInterfaceOrientationLandscapeRight";
				LD_RUNPATH_SEARCH_PATHS = (
					"$(inherited)",
					"@executable_path/Frameworks",
				);
				MARKETING_VERSION = 1.0;
				PRODUCT_BUNDLE_IDENTIFIER = come.aselZhumalieva.Connect;
				PRODUCT_NAME = "$(TARGET_NAME)";
				SWIFT_EMIT_LOC_STRINGS = YES;
				SWIFT_VERSION = 5.0;
				TARGETED_DEVICE_FAMILY = "1,2";
			};
			name = Release;
		};
/* End XCBuildConfiguration section */

/* Begin XCConfigurationList section */
		34A7643229FEEF2700AB3FD4 /* Build configuration list for PBXProject "Connect" */ = {
			isa = XCConfigurationList;
			buildConfigurations = (
				34A7644329FEEF2A00AB3FD4 /* Debug */,
				34A7644429FEEF2A00AB3FD4 /* Release */,
			);
			defaultConfigurationIsVisible = 0;
			defaultConfigurationName = Release;
		};
		34A7644529FEEF2A00AB3FD4 /* Build configuration list for PBXNativeTarget "Connect" */ = {
			isa = XCConfigurationList;
			buildConfigurations = (
				34A7644629FEEF2A00AB3FD4 /* Debug */,
				34A7644729FEEF2A00AB3FD4 /* Release */,
			);
			defaultConfigurationIsVisible = 0;
			defaultConfigurationName = Release;
		};
/* End XCConfigurationList section */
	};
	rootObject = 34A7642F29FEEF2700AB3FD4 /* Project object */;
}
